
Microsoft Visual Studio Solution File, Format Version 12.00
# Visual Studio Version 16
VisualStudioVersion = 16.0.29318.209
MinimumVisualStudioVersion = 10.0.40219.1
Project("{FAE04EC0-301F-11D3-BF4B-00C04F79EFBC}") = "Wpf.MVVMLight.Demo", "Wpf.MVVMLight.Demo\Wpf.MVVMLight.Demo.csproj", "{997AA865-B47F-4D22-B43A-070423D56277}"
EndProject
Global
	GlobalSection(SolutionConfigurationPlatforms) = preSolution
		Debug|Any CPU = Debug|Any CPU
		Debug|x86 = Debug|x86
		Release|Any CPU = Release|Any CPU
		Release|x86 = Release|x86
	EndGlobalSection
	GlobalSection(ProjectConfigurationPlatforms) = postSolution
		{997AA865-B47F-4D22-B43A-070423D56277}.Debug|Any CPU.ActiveCfg = Debug|Any CPU
		{997AA865-B47F-4D22-B43A-070423D56277}.Debug|Any CPU.Build.0 = Debug|Any CPU
		{997AA865-B47F-4D22-B43A-070423D56277}.Debug|x86.ActiveCfg = Debug|x86
		{997AA865-B47F-4D22-B43A-070423D56277}.Debug|x86.Build.0 = Debug|x86
		{997AA865-B47F-4D22-B43A-070423D56277}.Release|Any CPU.ActiveCfg = Release|Any CPU
		{997AA865-B47F-4D22-B43A-070423D56277}.Release|Any CPU.Build.0 = Release|Any CPU
		{997AA865-B47F-4D22-B43A-070423D56277}.Release|x86.ActiveCfg = Release|x86
		{997AA865-B47F-4D22-B43A-070423D56277}.Release|x86.Build.0 = Release|x86
	EndGlobalSection
	GlobalSection(SolutionProperties) = preSolution
		HideSolutionNode = FALSE
	EndGlobalSection
	GlobalSection(ExtensibilityGlobals) = postSolution
		SolutionGuid = {53CB593E-A37D-41CF-B131-852D46B91051}
	EndGlobalSection
EndGlobal
